
Microsoft Visual Studio Solution File, Format Version 12.00
# Visual Studio 2013
Project("{FAE04EC0-301F-11D3-BF4B-00C04F79EFBC}") = "UnityVS.ElevatorTest.CSharp", "UnityVS.ElevatorTest.CSharp.csproj", "{5C778AE7-E366-BD20-5DA9-5B3DB48DA2EF}"
EndProject
Global
	GlobalSection(SolutionConfigurationPlatforms) = preSolution
		Debug|Any CPU = Debug|Any CPU
		Release|Any CPU = Release|Any CPU
	EndGlobalSection
	GlobalSection(ProjectConfigurationPlatforms) = postSolution
		{5C778AE7-E366-BD20-5DA9-5B3DB48DA2EF}.Debug|Any CPU.ActiveCfg = Debug|Any CPU
		{5C778AE7-E366-BD20-5DA9-5B3DB48DA2EF}.Debug|Any CPU.Build.0 = Debug|Any CPU
		{5C778AE7-E366-BD20-5DA9-5B3DB48DA2EF}.Release|Any CPU.ActiveCfg = Release|Any CPU
		{5C778AE7-E366-BD20-5DA9-5B3DB48DA2EF}.Release|Any CPU.Build.0 = Release|Any CPU
	EndGlobalSection
	GlobalSection(SolutionProperties) = preSolution
		HideSolutionNode = FALSE
	EndGlobalSection
EndGlobal
